
Microsoft Visual Studio Solution File, Format Version 12.00
# Visual Studio Version 16
VisualStudioVersion = 16.0.29920.165
MinimumVisualStudioVersion = 10.0.40219.1
Project("{FAE04EC0-301F-11D3-BF4B-00C04F79EFBC}") = "Relogio_form", "Relogio_form\Relogio_form.csproj", "{A8884811-0A71-4AB1-B81D-6C36F0382306}"
EndProject
Global
	GlobalSection(SolutionConfigurationPlatforms) = preSolution
		Debug|Any CPU = Debug|Any CPU
		Release|Any CPU = Release|Any CPU
	EndGlobalSection
	GlobalSection(ProjectConfigurationPlatforms) = postSolution
		{A8884811-0A71-4AB1-B81D-6C36F0382306}.Debug|Any CPU.ActiveCfg = Debug|Any CPU
		{A8884811-0A71-4AB1-B81D-6C36F0382306}.Debug|Any CPU.Build.0 = Debug|Any CPU
		{A8884811-0A71-4AB1-B81D-6C36F0382306}.Release|Any CPU.ActiveCfg = Release|Any CPU
		{A8884811-0A71-4AB1-B81D-6C36F0382306}.Release|Any CPU.Build.0 = Release|Any CPU
	EndGlobalSection
	GlobalSection(SolutionProperties) = preSolution
		HideSolutionNode = FALSE
	EndGlobalSection
	GlobalSection(ExtensibilityGlobals) = postSolution
		SolutionGuid = {7B41B9F2-A4E0-45FE-92E6-AA05AA35C1EB}
	EndGlobalSection
EndGlobal
